// !$*UTF8*$!
{
	archiveVersion = 1;
	classes = {
	};
	objectVersion = 51;
	objects = {

/* Begin PBXBuildFile section */
		21A4D0F7231ECC3600B5B52A /* AppDelegate.swift in Sources */ = {isa = PBXBuildFile; fileRef = 21A4D0F6231ECC3600B5B52A /* AppDelegate.swift */; };
		21A4D0F9231ECC3600B5B52A /* ViewController.swift in Sources */ = {isa = PBXBuildFile; fileRef = 21A4D0F8231ECC3600B5B52A /* ViewController.swift */; };
		21A4D0FC231ECC3600B5B52A /* Main.storyboard in Resources */ = {isa = PBXBuildFile; fileRef = 21A4D0FA231ECC3600B5B52A /* Main.storyboard */; };
		21A4D0FE231ECC3600B5B52A /* Assets.xcassets in Resources */ = {isa = PBXBuildFile; fileRef = 21A4D0FD231ECC3600B5B52A /* Assets.xcassets */; };
		21A4D101231ECC3600B5B52A /* LaunchScreen.storyboard in Resources */ = {isa = PBXBuildFile; fileRef = 21A4D0FF231ECC3600B5B52A /* LaunchScreen.storyboard */; };
		21A4D10C231ECC3700B5B52A /* ProjectFNDTests.swift in Sources */ = {isa = PBXBuildFile; fileRef = 21A4D10B231ECC3700B5B52A /* ProjectFNDTests.swift */; };
		21A4D11D231ECDD300B5B52A /* CalendarCell.swift in Sources */ = {isa = PBXBuildFile; fileRef = 21A4D11C231ECDD300B5B52A /* CalendarCell.swift */; };
		21A4D120231ECE1300B5B52A /* CalendarHeader.xib in Resources */ = {isa = PBXBuildFile; fileRef = 21A4D11F231ECE1300B5B52A /* CalendarHeader.xib */; };
		21A4D122231ECE2300B5B52A /* CalendarHeader.swift in Sources */ = {isa = PBXBuildFile; fileRef = 21A4D121231ECE2300B5B52A /* CalendarHeader.swift */; };
		21A4D124231ECE9A00B5B52A /* ToDo.swift in Sources */ = {isa = PBXBuildFile; fileRef = 21A4D123231ECE9A00B5B52A /* ToDo.swift */; };
		261DC6B2FA6BB83E89F1A698 /* Pods_ProjectFND.framework in Frameworks */ = {isa = PBXBuildFile; fileRef = C3C362EFBC6B218F41C2F34B /* Pods_ProjectFND.framework */; };
/* End PBXBuildFile section */

/* Begin PBXContainerItemProxy section */
		21A4D108231ECC3700B5B52A /* PBXContainerItemProxy */ = {
			isa = PBXContainerItemProxy;
			containerPortal = 21A4D0EB231ECC3600B5B52A /* Project object */;
			proxyType = 1;
			remoteGlobalIDString = 21A4D0F2231ECC3600B5B52A;
			remoteInfo = ProjectFND;
		};
/* End PBXContainerItemProxy section */

/* Begin PBXFileReference section */
		16E671796CFEAA07D048D5B4 /* Pods-ProjectFND.release.xcconfig */ = {isa = PBXFileReference; includeInIndex = 1; lastKnownFileType = text.xcconfig; name = "Pods-ProjectFND.release.xcconfig"; path = "Target Support Files/Pods-ProjectFND/Pods-ProjectFND.release.xcconfig"; sourceTree = "<group>"; };
		21A4D0F3231ECC3600B5B52A /* ProjectFND.app */ = {isa = PBXFileReference; explicitFileType = wrapper.application; includeInIndex = 0; path = ProjectFND.app; sourceTree = BUILT_PRODUCTS_DIR; };
		21A4D0F6231ECC3600B5B52A /* AppDelegate.swift */ = {isa = PBXFileReference; lastKnownFileType = sourcecode.swift; path = AppDelegate.swift; sourceTree = "<group>"; };
		21A4D0F8231ECC3600B5B52A /* ViewController.swift */ = {isa = PBXFileReference; lastKnownFileType = sourcecode.swift; path = ViewController.swift; sourceTree = "<group>"; };
		21A4D0FB231ECC3600B5B52A /* Base */ = {isa = PBXFileReference; lastKnownFileType = file.storyboard; name = Base; path = Base.lproj/Main.storyboard; sourceTree = "<group>"; };
		21A4D0FD231ECC3600B5B52A /* Assets.xcassets */ = {isa = PBXFileReference; lastKnownFileType = folder.assetcatalog; path = Assets.xcassets; sourceTree = "<group>"; };
		21A4D100231ECC3600B5B52A /* Base */ = {isa = PBXFileReference; lastKnownFileType = file.storyboard; name = Base; path = Base.lproj/LaunchScreen.storyboard; sourceTree = "<group>"; };
		21A4D102231ECC3600B5B52A /* Info.plist */ = {isa = PBXFileReference; lastKnownFileType = text.plist.xml; path = Info.plist; sourceTree = "<group>"; };
		21A4D107231ECC3700B5B52A /* ProjectFNDTests.xctest */ = {isa = PBXFileReference; explicitFileType = wrapper.cfbundle; includeInIndex = 0; path = ProjectFNDTests.xctest; sourceTree = BUILT_PRODUCTS_DIR; };
		21A4D10B231ECC3700B5B52A /* ProjectFNDTests.swift */ = {isa = PBXFileReference; lastKnownFileType = sourcecode.swift; path = ProjectFNDTests.swift; sourceTree = "<group>"; };
		21A4D10D231ECC3700B5B52A /* Info.plist */ = {isa = PBXFileReference; lastKnownFileType = text.plist.xml; path = Info.plist; sourceTree = "<group>"; };
		21A4D11C231ECDD300B5B52A /* CalendarCell.swift */ = {isa = PBXFileReference; lastKnownFileType = sourcecode.swift; path = CalendarCell.swift; sourceTree = "<group>"; };
		21A4D11F231ECE1300B5B52A /* CalendarHeader.xib */ = {isa = PBXFileReference; lastKnownFileType = file.xib; path = CalendarHeader.xib; sourceTree = "<group>"; };
		21A4D121231ECE2300B5B52A /* CalendarHeader.swift */ = {isa = PBXFileReference; lastKnownFileType = sourcecode.swift; path = CalendarHeader.swift; sourceTree = "<group>"; };
		21A4D123231ECE9A00B5B52A /* ToDo.swift */ = {isa = PBXFileReference; lastKnownFileType = sourcecode.swift; path = ToDo.swift; sourceTree = "<group>"; };
		C3C362EFBC6B218F41C2F34B /* Pods_ProjectFND.framework */ = {isa = PBXFileReference; explicitFileType = wrapper.framework; includeInIndex = 0; path = Pods_ProjectFND.framework; sourceTree = BUILT_PRODUCTS_DIR; };
		FE54FDD48EC2E495B9E78996 /* Pods-ProjectFND.debug.xcconfig */ = {isa = PBXFileReference; includeInIndex = 1; lastKnownFileType = text.xcconfig; name = "Pods-ProjectFND.debug.xcconfig"; path = "Target Support Files/Pods-ProjectFND/Pods-ProjectFND.debug.xcconfig"; sourceTree = "<group>"; };
/* End PBXFileReference section */

/* Begin PBXFrameworksBuildPhase section */
		21A4D0F0231ECC3600B5B52A /* Frameworks */ = {
			isa = PBXFrameworksBuildPhase;
			buildActionMask = 2147483647;
			files = (
				261DC6B2FA6BB83E89F1A698 /* Pods_ProjectFND.framework in Frameworks */,
			);
			runOnlyForDeploymentPostprocessing = 0;
		};
		21A4D104231ECC3700B5B52A /* Frameworks */ = {
			isa = PBXFrameworksBuildPhase;
			buildActionMask = 2147483647;
			files = (
			);
			runOnlyForDeploymentPostprocessing = 0;
		};
/* End PBXFrameworksBuildPhase section */

/* Begin PBXGroup section */
		21A4D0EA231ECC3600B5B52A = {
			isa = PBXGroup;
			children = (
				21A4D0F5231ECC3600B5B52A /* ProjectFND */,
				21A4D10A231ECC3700B5B52A /* ProjectFNDTests */,
				21A4D0F4231ECC3600B5B52A /* Products */,
				D29489A17138A4D09706C0C8 /* Pods */,
				D06ACD0C06D5B8187C47A8F8 /* Frameworks */,
			);
			sourceTree = "<group>";
		};
		21A4D0F4231ECC3600B5B52A /* Products */ = {
			isa = PBXGroup;
			children = (
				21A4D0F3231ECC3600B5B52A /* ProjectFND.app */,
				21A4D107231ECC3700B5B52A /* ProjectFNDTests.xctest */,
			);
			name = Products;
			sourceTree = "<group>";
		};
		21A4D0F5231ECC3600B5B52A /* ProjectFND */ = {
			isa = PBXGroup;
			children = (
				21A4D116231ECD5A00B5B52A /* components */,
				21A4D11B231ECDA100B5B52A /* models */,
				21A4D0F6231ECC3600B5B52A /* AppDelegate.swift */,
				21A4D0F8231ECC3600B5B52A /* ViewController.swift */,
				21A4D0FA231ECC3600B5B52A /* Main.storyboard */,
				21A4D0FD231ECC3600B5B52A /* Assets.xcassets */,
				21A4D0FF231ECC3600B5B52A /* LaunchScreen.storyboard */,
				21A4D102231ECC3600B5B52A /* Info.plist */,
			);
			path = ProjectFND;
			sourceTree = "<group>";
		};
		21A4D10A231ECC3700B5B52A /* ProjectFNDTests */ = {
			isa = PBXGroup;
			children = (
				21A4D10B231ECC3700B5B52A /* ProjectFNDTests.swift */,
				21A4D10D231ECC3700B5B52A /* Info.plist */,
			);
			path = ProjectFNDTests;
			sourceTree = "<group>";
		};
		21A4D116231ECD5A00B5B52A /* components */ = {
			isa = PBXGroup;
			children = (
				21A4D11A231ECD8600B5B52A /* buttons */,
				21A4D119231ECD7E00B5B52A /* cells */,
				21A4D117231ECD6600B5B52A /* headers */,
			);
			path = components;
			sourceTree = "<group>";
		};
		21A4D117231ECD6600B5B52A /* headers */ = {
			isa = PBXGroup;
			children = (
				21A4D121231ECE2300B5B52A /* CalendarHeader.swift */,
				21A4D11F231ECE1300B5B52A /* CalendarHeader.xib */,
			);
			path = headers;
			sourceTree = "<group>";
		};
		21A4D119231ECD7E00B5B52A /* cells */ = {
			isa = PBXGroup;
			children = (
				21A4D11C231ECDD300B5B52A /* CalendarCell.swift */,
			);
			path = cells;
			sourceTree = "<group>";
		};
		21A4D11A231ECD8600B5B52A /* buttons */ = {
			isa = PBXGroup;
			children = (
				21A4D125231ECEB600B5B52A /* checkBox */,
			);
			path = buttons;
			sourceTree = "<group>";
		};
		21A4D11B231ECDA100B5B52A /* models */ = {
			isa = PBXGroup;
			children = (
				21A4D123231ECE9A00B5B52A /* ToDo.swift */,
			);
			path = models;
			sourceTree = "<group>";
		};
		21A4D125231ECEB600B5B52A /* checkBox */ = {
			isa = PBXGroup;
			children = (
			);
			path = checkBox;
			sourceTree = "<group>";
		};
		D06ACD0C06D5B8187C47A8F8 /* Frameworks */ = {
			isa = PBXGroup;
			children = (
				C3C362EFBC6B218F41C2F34B /* Pods_ProjectFND.framework */,
			);
			name = Frameworks;
			sourceTree = "<group>";
		};
		D29489A17138A4D09706C0C8 /* Pods */ = {
			isa = PBXGroup;
			children = (
				FE54FDD48EC2E495B9E78996 /* Pods-ProjectFND.debug.xcconfig */,
				16E671796CFEAA07D048D5B4 /* Pods-ProjectFND.release.xcconfig */,
			);
			path = Pods;
			sourceTree = "<group>";
		};
/* End PBXGroup section */

/* Begin PBXNativeTarget section */
		21A4D0F2231ECC3600B5B52A /* ProjectFND */ = {
			isa = PBXNativeTarget;
			buildConfigurationList = 21A4D110231ECC3700B5B52A /* Build configuration list for PBXNativeTarget "ProjectFND" */;
			buildPhases = (
				B088DFB7291D57FA02C9D746 /* [CP] Check Pods Manifest.lock */,
				21A4D0EF231ECC3600B5B52A /* Sources */,
				21A4D0F0231ECC3600B5B52A /* Frameworks */,
				21A4D0F1231ECC3600B5B52A /* Resources */,
				59A7602A2CF0742BBA6C3E0C /* [CP] Embed Pods Frameworks */,
			);
			buildRules = (
			);
			dependencies = (
			);
			name = ProjectFND;
			productName = ProjectFND;
			productReference = 21A4D0F3231ECC3600B5B52A /* ProjectFND.app */;
			productType = "com.apple.product-type.application";
		};
		21A4D106231ECC3700B5B52A /* ProjectFNDTests */ = {
			isa = PBXNativeTarget;
			buildConfigurationList = 21A4D113231ECC3700B5B52A /* Build configuration list for PBXNativeTarget "ProjectFNDTests" */;
			buildPhases = (
				21A4D103231ECC3700B5B52A /* Sources */,
				21A4D104231ECC3700B5B52A /* Frameworks */,
				21A4D105231ECC3700B5B52A /* Resources */,
			);
			buildRules = (
			);
			dependencies = (
				21A4D109231ECC3700B5B52A /* PBXTargetDependency */,
			);
			name = ProjectFNDTests;
			productName = ProjectFNDTests;
			productReference = 21A4D107231ECC3700B5B52A /* ProjectFNDTests.xctest */;
			productType = "com.apple.product-type.bundle.unit-test";
		};
/* End PBXNativeTarget section */

/* Begin PBXProject section */
		21A4D0EB231ECC3600B5B52A /* Project object */ = {
			isa = PBXProject;
			attributes = {
				LastSwiftUpdateCheck = 1010;
				LastUpgradeCheck = 1010;
				ORGANIZATIONNAME = EllyRichardson;
				TargetAttributes = {
					21A4D0F2231ECC3600B5B52A = {
						CreatedOnToolsVersion = 10.1;
					};
					21A4D106231ECC3700B5B52A = {
						CreatedOnToolsVersion = 10.1;
						TestTargetID = 21A4D0F2231ECC3600B5B52A;
					};
				};
			};
			buildConfigurationList = 21A4D0EE231ECC3600B5B52A /* Build configuration list for PBXProject "ProjectFND" */;
			compatibilityVersion = "Xcode 9.3";
			developmentRegion = en;
			hasScannedForEncodings = 0;
			knownRegions = (
				en,
				Base,
			);
			mainGroup = 21A4D0EA231ECC3600B5B52A;
			productRefGroup = 21A4D0F4231ECC3600B5B52A /* Products */;
			projectDirPath = "";
			projectRoot = "";
			targets = (
				21A4D0F2231ECC3600B5B52A /* ProjectFND */,
				21A4D106231ECC3700B5B52A /* ProjectFNDTests */,
			);
		};
/* End PBXProject section */

/* Begin PBXResourcesBuildPhase section */
		21A4D0F1231ECC3600B5B52A /* Resources */ = {
			isa = PBXResourcesBuildPhase;
			buildActionMask = 2147483647;
			files = (
				21A4D101231ECC3600B5B52A /* LaunchScreen.storyboard in Resources */,
				21A4D0FE231ECC3600B5B52A /* Assets.xcassets in Resources */,
				21A4D120231ECE1300B5B52A /* CalendarHeader.xib in Resources */,
				21A4D0FC231ECC3600B5B52A /* Main.storyboard in Resources */,
			);
			runOnlyForDeploymentPostprocessing = 0;
		};
		21A4D105231ECC3700B5B52A /* Resources */ = {
			isa = PBXResourcesBuildPhase;
			buildActionMask = 2147483647;
			files = (
			);
			runOnlyForDeploymentPostprocessing = 0;
		};
/* End PBXResourcesBuildPhase section */

/* Begin PBXShellScriptBuildPhase section */
		59A7602A2CF0742BBA6C3E0C /* [CP] Embed Pods Frameworks */ = {
			isa = PBXShellScriptBuildPhase;
			buildActionMask = 2147483647;
			files = (
			);
			inputFileListPaths = (
				"${PODS_ROOT}/Target Support Files/Pods-ProjectFND/Pods-ProjectFND-frameworks-${CONFIGURATION}-input-files.xcfilelist",
			);
			name = "[CP] Embed Pods Frameworks";
			outputFileListPaths = (
				"${PODS_ROOT}/Target Support Files/Pods-ProjectFND/Pods-ProjectFND-frameworks-${CONFIGURATION}-output-files.xcfilelist",
			);
			runOnlyForDeploymentPostprocessing = 0;
			shellPath = /bin/sh;
			shellScript = "\"${PODS_ROOT}/Target Support Files/Pods-ProjectFND/Pods-ProjectFND-frameworks.sh\"\n";
			showEnvVarsInLog = 0;
		};
		B088DFB7291D57FA02C9D746 /* [CP] Check Pods Manifest.lock */ = {
			isa = PBXShellScriptBuildPhase;
			buildActionMask = 2147483647;
			files = (
			);
			inputFileListPaths = (
			);
			inputPaths = (
				"${PODS_PODFILE_DIR_PATH}/Podfile.lock",
				"${PODS_ROOT}/Manifest.lock",
			);
			name = "[CP] Check Pods Manifest.lock";
			outputFileListPaths = (
			);
			outputPaths = (
				"$(DERIVED_FILE_DIR)/Pods-ProjectFND-checkManifestLockResult.txt",
			);
			runOnlyForDeploymentPostprocessing = 0;
			shellPath = /bin/sh;
			shellScript = "diff \"${PODS_PODFILE_DIR_PATH}/Podfile.lock\" \"${PODS_ROOT}/Manifest.lock\" > /dev/null\nif [ $? != 0 ] ; then\n    # print error to STDERR\n    echo \"error: The sandbox is not in sync with the Podfile.lock. Run 'pod install' or update your CocoaPods installation.\" >&2\n    exit 1\nfi\n# This output is used by Xcode 'outputs' to avoid re-running this script phase.\necho \"SUCCESS\" > \"${SCRIPT_OUTPUT_FILE_0}\"\n";
			showEnvVarsInLog = 0;
		};
/* End PBXShellScriptBuildPhase section */

/* Begin PBXSourcesBuildPhase section */
		21A4D0EF231ECC3600B5B52A /* Sources */ = {
			isa = PBXSourcesBuildPhase;
			buildActionMask = 2147483647;
			files = (
				21A4D0F9231ECC3600B5B52A /* ViewController.swift in Sources */,
				21A4D124231ECE9A00B5B52A /* ToDo.swift in Sources */,
				21A4D11D231ECDD300B5B52A /* CalendarCell.swift in Sources */,
				21A4D122231ECE2300B5B52A /* CalendarHeader.swift in Sources */,
				21A4D0F7231ECC3600B5B52A /* AppDelegate.swift in Sources */,
			);
			runOnlyForDeploymentPostprocessing = 0;
		};
		21A4D103231ECC3700B5B52A /* Sources */ = {
			isa = PBXSourcesBuildPhase;
			buildActionMask = 2147483647;
			files = (
				21A4D10C231ECC3700B5B52A /* ProjectFNDTests.swift in Sources */,
			);
			runOnlyForDeploymentPostprocessing = 0;
		};
/* End PBXSourcesBuildPhase section */

/* Begin PBXTargetDependency section */
		21A4D109231ECC3700B5B52A /* PBXTargetDependency */ = {
			isa = PBXTargetDependency;
			target = 21A4D0F2231ECC3600B5B52A /* ProjectFND */;
			targetProxy = 21A4D108231ECC3700B5B52A /* PBXContainerItemProxy */;
		};
/* End PBXTargetDependency section */

/* Begin PBXVariantGroup section */
		21A4D0FA231ECC3600B5B52A /* Main.storyboard */ = {
			isa = PBXVariantGroup;
			children = (
				21A4D0FB231ECC3600B5B52A /* Base */,
			);
			name = Main.storyboard;
			sourceTree = "<group>";
		};
		21A4D0FF231ECC3600B5B52A /* LaunchScreen.storyboard */ = {
			isa = PBXVariantGroup;
			children = (
				21A4D100231ECC3600B5B52A /* Base */,
			);
			name = LaunchScreen.storyboard;
			sourceTree = "<group>";
		};
/* End PBXVariantGroup section */

/* Begin XCBuildConfiguration section */
		21A4D10E231ECC3700B5B52A /* Debug */ = {
			isa = XCBuildConfiguration;
			buildSettings = {
				ALWAYS_SEARCH_USER_PATHS = NO;
				CLANG_ANALYZER_NONNULL = YES;
				CLANG_ANALYZER_NUMBER_OBJECT_CONVERSION = YES_AGGRESSIVE;
				CLANG_CXX_LANGUAGE_STANDARD = "gnu++14";
				CLANG_CXX_LIBRARY = "libc++";
				CLANG_ENABLE_MODULES = YES;
				CLANG_ENABLE_OBJC_ARC = YES;
				CLANG_ENABLE_OBJC_WEAK = YES;
				CLANG_WARN_BLOCK_CAPTURE_AUTORELEASING = YES;
				CLANG_WARN_BOOL_CONVERSION = YES;
				CLANG_WARN_COMMA = YES;
				CLANG_WARN_CONSTANT_CONVERSION = YES;
				CLANG_WARN_DEPRECATED_OBJC_IMPLEMENTATIONS = YES;
				CLANG_WARN_DIRECT_OBJC_ISA_USAGE = YES_ERROR;
				CLANG_WARN_DOCUMENTATION_COMMENTS = YES;
				CLANG_WARN_EMPTY_BODY = YES;
				CLANG_WARN_ENUM_CONVERSION = YES;
				CLANG_WARN_INFINITE_RECURSION = YES;
				CLANG_WARN_INT_CONVERSION = YES;
				CLANG_WARN_NON_LITERAL_NULL_CONVERSION = YES;
				CLANG_WARN_OBJC_IMPLICIT_RETAIN_SELF = YES;
				CLANG_WARN_OBJC_LITERAL_CONVERSION = YES;
				CLANG_WARN_OBJC_ROOT_CLASS = YES_ERROR;
				CLANG_WARN_RANGE_LOOP_ANALYSIS = YES;
				CLANG_WARN_STRICT_PROTOTYPES = YES;
				CLANG_WARN_SUSPICIOUS_MOVE = YES;
				CLANG_WARN_UNGUARDED_AVAILABILITY = YES_AGGRESSIVE;
				CLANG_WARN_UNREACHABLE_CODE = YES;
				CLANG_WARN__DUPLICATE_METHOD_MATCH = YES;
				CODE_SIGN_IDENTITY = "iPhone Developer";
				COPY_PHASE_STRIP = NO;
				DEBUG_INFORMATION_FORMAT = dwarf;
				ENABLE_STRICT_OBJC_MSGSEND = YES;
				ENABLE_TESTABILITY = YES;
				GCC_C_LANGUAGE_STANDARD = gnu11;
				GCC_DYNAMIC_NO_PIC = NO;
				GCC_NO_COMMON_BLOCKS = YES;
				GCC_OPTIMIZATION_LEVEL = 0;
				GCC_PREPROCESSOR_DEFINITIONS = (
					"DEBUG=1",
					"$(inherited)",
				);
				GCC_WARN_64_TO_32_BIT_CONVERSION = YES;
				GCC_WARN_ABOUT_RETURN_TYPE = YES_ERROR;
				GCC_WARN_UNDECLARED_SELECTOR = YES;
				GCC_WARN_UNINITIALIZED_AUTOS = YES_AGGRESSIVE;
				GCC_WARN_UNUSED_FUNCTION = YES;
				GCC_WARN_UNUSED_VARIABLE = YES;
				IPHONEOS_DEPLOYMENT_TARGET = 12.1;
				MTL_ENABLE_DEBUG_INFO = INCLUDE_SOURCE;
				MTL_FAST_MATH = YES;
				ONLY_ACTIVE_ARCH = YES;
				SDKROOT = iphoneos;
				SWIFT_ACTIVE_COMPILATION_CONDITIONS = DEBUG;
				SWIFT_OPTIMIZATION_LEVEL = "-Onone";
			};
			name = Debug;
		};
		21A4D10F231ECC3700B5B52A /* Release */ = {
			isa = XCBuildConfiguration;
			buildSettings = {
				ALWAYS_SEARCH_USER_PATHS = NO;
				CLANG_ANALYZER_NONNULL = YES;
				CLANG_ANALYZER_NUMBER_OBJECT_CONVERSION = YES_AGGRESSIVE;
				CLANG_CXX_LANGUAGE_STANDARD = "gnu++14";
				CLANG_CXX_LIBRARY = "libc++";
				CLANG_ENABLE_MODULES = YES;
				CLANG_ENABLE_OBJC_ARC = YES;
				CLANG_ENABLE_OBJC_WEAK = YES;
				CLANG_WARN_BLOCK_CAPTURE_AUTORELEASING = YES;
				CLANG_WARN_BOOL_CONVERSION = YES;
				CLANG_WARN_COMMA = YES;
				CLANG_WARN_CONSTANT_CONVERSION = YES;
				CLANG_WARN_DEPRECATED_OBJC_IMPLEMENTATIONS = YES;
				CLANG_WARN_DIRECT_OBJC_ISA_USAGE = YES_ERROR;
				CLANG_WARN_DOCUMENTATION_COMMENTS = YES;
				CLANG_WARN_EMPTY_BODY = YES;
				CLANG_WARN_ENUM_CONVERSION = YES;
				CLANG_WARN_INFINITE_RECURSION = YES;
				CLANG_WARN_INT_CONVERSION = YES;
				CLANG_WARN_NON_LITERAL_NULL_CONVERSION = YES;
				CLANG_WARN_OBJC_IMPLICIT_RETAIN_SELF = YES;
				CLANG_WARN_OBJC_LITERAL_CONVERSION = YES;
				CLANG_WARN_OBJC_ROOT_CLASS = YES_ERROR;
				CLANG_WARN_RANGE_LOOP_ANALYSIS = YES;
				CLANG_WARN_STRICT_PROTOTYPES = YES;
				CLANG_WARN_SUSPICIOUS_MOVE = YES;
				CLANG_WARN_UNGUARDED_AVAILABILITY = YES_AGGRESSIVE;
				CLANG_WARN_UNREACHABLE_CODE = YES;
				CLANG_WARN__DUPLICATE_METHOD_MATCH = YES;
				CODE_SIGN_IDENTITY = "iPhone Developer";
				COPY_PHASE_STRIP = NO;
				DEBUG_INFORMATION_FORMAT = "dwarf-with-dsym";
				ENABLE_NS_ASSERTIONS = NO;
				ENABLE_STRICT_OBJC_MSGSEND = YES;
				GCC_C_LANGUAGE_STANDARD = gnu11;
				GCC_NO_COMMON_BLOCKS = YES;
				GCC_WARN_64_TO_32_BIT_CONVERSION = YES;
				GCC_WARN_ABOUT_RETURN_TYPE = YES_ERROR;
				GCC_WARN_UNDECLARED_SELECTOR = YES;
				GCC_WARN_UNINITIALIZED_AUTOS = YES_AGGRESSIVE;
				GCC_WARN_UNUSED_FUNCTION = YES;
				GCC_WARN_UNUSED_VARIABLE = YES;
				IPHONEOS_DEPLOYMENT_TARGET = 12.1;
				MTL_ENABLE_DEBUG_INFO = NO;
				MTL_FAST_MATH = YES;
				SDKROOT = iphoneos;
				SWIFT_COMPILATION_MODE = wholemodule;
				SWIFT_OPTIMIZATION_LEVEL = "-O";
				VALIDATE_PRODUCT = YES;
			};
			name = Release;
		};
		21A4D111231ECC3700B5B52A /* Debug */ = {
			isa = XCBuildConfiguration;
			baseConfigurationReference = FE54FDD48EC2E495B9E78996 /* Pods-ProjectFND.debug.xcconfig */;
			buildSettings = {
				ASSETCATALOG_COMPILER_APPICON_NAME = AppIcon;
				CODE_SIGN_STYLE = Automatic;
				DEVELOPMENT_TEAM = W4MV387F7W;
				INFOPLIST_FILE = ProjectFND/Info.plist;
				LD_RUNPATH_SEARCH_PATHS = (
					"$(inherited)",
					"@executable_path/Frameworks",
				);
				PRODUCT_BUNDLE_IDENTIFIER = com.EllyRichardson.ProjectFND;
				PRODUCT_NAME = "$(TARGET_NAME)";
				SWIFT_VERSION = 4.2;
				TARGETED_DEVICE_FAMILY = "1,2";
			};
			name = Debug;
		};
		21A4D112231ECC3700B5B52A /* Release */ = {
			isa = XCBuildConfiguration;
			baseConfigurationReference = 16E671796CFEAA07D048D5B4 /* Pods-ProjectFND.release.xcconfig */;
			buildSettings = {
				ASSETCATALOG_COMPILER_APPICON_NAME = AppIcon;
				CODE_SIGN_STYLE = Automatic;
				DEVELOPMENT_TEAM = W4MV387F7W;
				INFOPLIST_FILE = ProjectFND/Info.plist;
				LD_RUNPATH_SEARCH_PATHS = (
					"$(inherited)",
					"@executable_path/Frameworks",
				);
				PRODUCT_BUNDLE_IDENTIFIER = com.EllyRichardson.ProjectFND;
				PRODUCT_NAME = "$(TARGET_NAME)";
				SWIFT_VERSION = 4.2;
				TARGETED_DEVICE_FAMILY = "1,2";
			};
			name = Release;
		};
		21A4D114231ECC3700B5B52A /* Debug */ = {
			isa = XCBuildConfiguration;
			buildSettings = {
				ALWAYS_EMBED_SWIFT_STANDARD_LIBRARIES = YES;
				BUNDLE_LOADER = "$(TEST_HOST)";
				CODE_SIGN_STYLE = Automatic;
				DEVELOPMENT_TEAM = W4MV387F7W;
				INFOPLIST_FILE = ProjectFNDTests/Info.plist;
				LD_RUNPATH_SEARCH_PATHS = (
					"$(inherited)",
					"@executable_path/Frameworks",
					"@loader_path/Frameworks",
				);
				PRODUCT_BUNDLE_IDENTIFIER = com.EllyRichardson.ProjectFNDTests;
				PRODUCT_NAME = "$(TARGET_NAME)";
				SWIFT_VERSION = 4.2;
				TARGETED_DEVICE_FAMILY = "1,2";
				TEST_HOST = "$(BUILT_PRODUCTS_DIR)/ProjectFND.app/ProjectFND";
			};
			name = Debug;
		};
		21A4D115231ECC3700B5B52A /* Release */ = {
			isa = XCBuildConfiguration;
			buildSettings = {
				ALWAYS_EMBED_SWIFT_STANDARD_LIBRARIES = YES;
				BUNDLE_LOADER = "$(TEST_HOST)";
				CODE_SIGN_STYLE = Automatic;
				DEVELOPMENT_TEAM = W4MV387F7W;
				INFOPLIST_FILE = ProjectFNDTests/Info.plist;
				LD_RUNPATH_SEARCH_PATHS = (
					"$(inherited)",
					"@executable_path/Frameworks",
					"@loader_path/Frameworks",
				);
				PRODUCT_BUNDLE_IDENTIFIER = com.EllyRichardson.ProjectFNDTests;
				PRODUCT_NAME = "$(TARGET_NAME)";
				SWIFT_VERSION = 4.2;
				TARGETED_DEVICE_FAMILY = "1,2";
				TEST_HOST = "$(BUILT_PRODUCTS_DIR)/ProjectFND.app/ProjectFND";
			};
			name = Release;
		};
/* End XCBuildConfiguration section */

/* Begin XCConfigurationList section */
		21A4D0EE231ECC3600B5B52A /* Build configuration list for PBXProject "ProjectFND" */ = {
			isa = XCConfigurationList;
			buildConfigurations = (
				21A4D10E231ECC3700B5B52A /* Debug */,
				21A4D10F231ECC3700B5B52A /* Release */,
			);
			defaultConfigurationIsVisible = 0;
			defaultConfigurationName = Release;
		};
		21A4D110231ECC3700B5B52A /* Build configuration list for PBXNativeTarget "ProjectFND" */ = {
			isa = XCConfigurationList;
			buildConfigurations = (
				21A4D111231ECC3700B5B52A /* Debug */,
				21A4D112231ECC3700B5B52A /* Release */,
			);
			defaultConfigurationIsVisible = 0;
			defaultConfigurationName = Release;
		};
		21A4D113231ECC3700B5B52A /* Build configuration list for PBXNativeTarget "ProjectFNDTests" */ = {
			isa = XCConfigurationList;
			buildConfigurations = (
				21A4D114231ECC3700B5B52A /* Debug */,
				21A4D115231ECC3700B5B52A /* Release */,
			);
			defaultConfigurationIsVisible = 0;
			defaultConfigurationName = Release;
		};
/* End XCConfigurationList section */
	};
	rootObject = 21A4D0EB231ECC3600B5B52A /* Project object */;
}
